// !$*UTF8*$!
{
	archiveVersion = 1;
	classes = {
	};
	objectVersion = 50;
	objects = {

/* Begin PBXBuildFile section */
		D62BA776210C9EBB00CF9ED2 /* AddList.storyboard in Resources */ = {isa = PBXBuildFile; fileRef = D62BA775210C9EBB00CF9ED2 /* AddList.storyboard */; };
		D62BA778210C9EFC00CF9ED2 /* MovieLists.storyboard in Resources */ = {isa = PBXBuildFile; fileRef = D62BA777210C9EFC00CF9ED2 /* MovieLists.storyboard */; };
		D62BA77A210CA31500CF9ED2 /* Movies.storyboard in Resources */ = {isa = PBXBuildFile; fileRef = D62BA779210CA31500CF9ED2 /* Movies.storyboard */; };
		D62BA77C210CA5A800CF9ED2 /* MovieListsTabBarViewController.swift in Sources */ = {isa = PBXBuildFile; fileRef = D62BA77B210CA5A800CF9ED2 /* MovieListsTabBarViewController.swift */; };
		D62BA77F210CAE6000CF9ED2 /* AddListViewController.swift in Sources */ = {isa = PBXBuildFile; fileRef = D62BA77E210CAE6000CF9ED2 /* AddListViewController.swift */; };
		D62BA781210CAE6800CF9ED2 /* AddMovieViewController.swift in Sources */ = {isa = PBXBuildFile; fileRef = D62BA780210CAE6800CF9ED2 /* AddMovieViewController.swift */; };
		D62BA783210CAE8D00CF9ED2 /* ListsTableViewController.swift in Sources */ = {isa = PBXBuildFile; fileRef = D62BA782210CAE8D00CF9ED2 /* ListsTableViewController.swift */; };
		D62BA785210CAE9C00CF9ED2 /* MoviesTableViewController.swift in Sources */ = {isa = PBXBuildFile; fileRef = D62BA784210CAE9C00CF9ED2 /* MoviesTableViewController.swift */; };
		D62BA787210CAEA800CF9ED2 /* MovieTableViewCell.swift in Sources */ = {isa = PBXBuildFile; fileRef = D62BA786210CAEA800CF9ED2 /* MovieTableViewCell.swift */; };
		D62BA789210CAFCE00CF9ED2 /* AddMovie.storyboard in Resources */ = {isa = PBXBuildFile; fileRef = D62BA788210CAFCE00CF9ED2 /* AddMovie.storyboard */; };
		D62BA78D210CB03A00CF9ED2 /* AddNavi.storyboard in Resources */ = {isa = PBXBuildFile; fileRef = D62BA78C210CB03A00CF9ED2 /* AddNavi.storyboard */; };
		D62BA78F210DF85B00CF9ED2 /* Movie.swift in Sources */ = {isa = PBXBuildFile; fileRef = D62BA78E210DF85B00CF9ED2 /* Movie.swift */; };
		D62BA792210DF87900CF9ED2 /* MovieList.swift in Sources */ = {isa = PBXBuildFile; fileRef = D62BA791210DF87900CF9ED2 /* MovieList.swift */; };
		D62BA794210DF88100CF9ED2 /* MovieController.swift in Sources */ = {isa = PBXBuildFile; fileRef = D62BA793210DF88100CF9ED2 /* MovieController.swift */; };
		D62BA796210DF88A00CF9ED2 /* MovieListController.swift in Sources */ = {isa = PBXBuildFile; fileRef = D62BA795210DF88A00CF9ED2 /* MovieListController.swift */; };
		D62BA799210E01BF00CF9ED2 /* MovieListControllerProtocol.swift in Sources */ = {isa = PBXBuildFile; fileRef = D62BA798210E01BF00CF9ED2 /* MovieListControllerProtocol.swift */; };
		D68E9C66210C9B580078D318 /* AppDelegate.swift in Sources */ = {isa = PBXBuildFile; fileRef = D68E9C65210C9B580078D318 /* AppDelegate.swift */; };
		D68E9C6B210C9B580078D318 /* MovieListsTabBar.storyboard in Resources */ = {isa = PBXBuildFile; fileRef = D68E9C69210C9B580078D318 /* MovieListsTabBar.storyboard */; };
		D68E9C6D210C9B590078D318 /* Assets.xcassets in Resources */ = {isa = PBXBuildFile; fileRef = D68E9C6C210C9B590078D318 /* Assets.xcassets */; };
		D68E9C70210C9B590078D318 /* LaunchScreen.storyboard in Resources */ = {isa = PBXBuildFile; fileRef = D68E9C6E210C9B590078D318 /* LaunchScreen.storyboard */; };
/* End PBXBuildFile section */

/* Begin PBXFileReference section */
		D62BA775210C9EBB00CF9ED2 /* AddList.storyboard */ = {isa = PBXFileReference; lastKnownFileType = file.storyboard; path = AddList.storyboard; sourceTree = "<group>"; };
		D62BA777210C9EFC00CF9ED2 /* MovieLists.storyboard */ = {isa = PBXFileReference; lastKnownFileType = file.storyboard; path = MovieLists.storyboard; sourceTree = "<group>"; };
		D62BA779210CA31500CF9ED2 /* Movies.storyboard */ = {isa = PBXFileReference; lastKnownFileType = file.storyboard; path = Movies.storyboard; sourceTree = "<group>"; };
		D62BA77B210CA5A800CF9ED2 /* MovieListsTabBarViewController.swift */ = {isa = PBXFileReference; lastKnownFileType = sourcecode.swift; path = MovieListsTabBarViewController.swift; sourceTree = "<group>"; };
		D62BA77E210CAE6000CF9ED2 /* AddListViewController.swift */ = {isa = PBXFileReference; lastKnownFileType = sourcecode.swift; path = AddListViewController.swift; sourceTree = "<group>"; };
		D62BA780210CAE6800CF9ED2 /* AddMovieViewController.swift */ = {isa = PBXFileReference; lastKnownFileType = sourcecode.swift; path = AddMovieViewController.swift; sourceTree = "<group>"; };
		D62BA782210CAE8D00CF9ED2 /* ListsTableViewController.swift */ = {isa = PBXFileReference; lastKnownFileType = sourcecode.swift; path = ListsTableViewController.swift; sourceTree = "<group>"; };
		D62BA784210CAE9C00CF9ED2 /* MoviesTableViewController.swift */ = {isa = PBXFileReference; lastKnownFileType = sourcecode.swift; path = MoviesTableViewController.swift; sourceTree = "<group>"; };
		D62BA786210CAEA800CF9ED2 /* MovieTableViewCell.swift */ = {isa = PBXFileReference; lastKnownFileType = sourcecode.swift; path = MovieTableViewCell.swift; sourceTree = "<group>"; };
		D62BA788210CAFCE00CF9ED2 /* AddMovie.storyboard */ = {isa = PBXFileReference; lastKnownFileType = file.storyboard; path = AddMovie.storyboard; sourceTree = "<group>"; };
		D62BA78C210CB03A00CF9ED2 /* AddNavi.storyboard */ = {isa = PBXFileReference; lastKnownFileType = file.storyboard; path = AddNavi.storyboard; sourceTree = "<group>"; };
		D62BA78E210DF85B00CF9ED2 /* Movie.swift */ = {isa = PBXFileReference; lastKnownFileType = sourcecode.swift; path = Movie.swift; sourceTree = "<group>"; };
		D62BA791210DF87900CF9ED2 /* MovieList.swift */ = {isa = PBXFileReference; lastKnownFileType = sourcecode.swift; path = MovieList.swift; sourceTree = "<group>"; };
		D62BA793210DF88100CF9ED2 /* MovieController.swift */ = {isa = PBXFileReference; lastKnownFileType = sourcecode.swift; path = MovieController.swift; sourceTree = "<group>"; };
		D62BA795210DF88A00CF9ED2 /* MovieListController.swift */ = {isa = PBXFileReference; lastKnownFileType = sourcecode.swift; path = MovieListController.swift; sourceTree = "<group>"; };
		D62BA798210E01BF00CF9ED2 /* MovieListControllerProtocol.swift */ = {isa = PBXFileReference; lastKnownFileType = sourcecode.swift; path = MovieListControllerProtocol.swift; sourceTree = "<group>"; };
		D68E9C62210C9B580078D318 /* Movie Lists.app */ = {isa = PBXFileReference; explicitFileType = wrapper.application; includeInIndex = 0; path = "Movie Lists.app"; sourceTree = BUILT_PRODUCTS_DIR; };
		D68E9C65210C9B580078D318 /* AppDelegate.swift */ = {isa = PBXFileReference; lastKnownFileType = sourcecode.swift; path = AppDelegate.swift; sourceTree = "<group>"; };
		D68E9C6A210C9B580078D318 /* Base */ = {isa = PBXFileReference; lastKnownFileType = file.storyboard; name = Base; path = Base.lproj/MovieListsTabBar.storyboard; sourceTree = "<group>"; };
		D68E9C6C210C9B590078D318 /* Assets.xcassets */ = {isa = PBXFileReference; lastKnownFileType = folder.assetcatalog; path = Assets.xcassets; sourceTree = "<group>"; };
		D68E9C6F210C9B590078D318 /* Base */ = {isa = PBXFileReference; lastKnownFileType = file.storyboard; name = Base; path = Base.lproj/LaunchScreen.storyboard; sourceTree = "<group>"; };
		D68E9C71210C9B590078D318 /* Info.plist */ = {isa = PBXFileReference; lastKnownFileType = text.plist.xml; path = Info.plist; sourceTree = "<group>"; };
/* End PBXFileReference section */

/* Begin PBXFrameworksBuildPhase section */
		D68E9C5F210C9B580078D318 /* Frameworks */ = {
			isa = PBXFrameworksBuildPhase;
			buildActionMask = 2147483647;
			files = (
			);
			runOnlyForDeploymentPostprocessing = 0;
		};
/* End PBXFrameworksBuildPhase section */

/* Begin PBXGroup section */
		D62BA774210C9E8A00CF9ED2 /* Storyboards */ = {
			isa = PBXGroup;
			children = (
				D68E9C69210C9B580078D318 /* MovieListsTabBar.storyboard */,
				D62BA78A210CAFD700CF9ED2 /* Add New */,
				D62BA78B210CAFF300CF9ED2 /* Movie Lists */,
			);
			path = Storyboards;
			sourceTree = "<group>";
		};
		D62BA77D210CA5BC00CF9ED2 /* View Controllers */ = {
			isa = PBXGroup;
			children = (
				D62BA77B210CA5A800CF9ED2 /* MovieListsTabBarViewController.swift */,
				D62BA77E210CAE6000CF9ED2 /* AddListViewController.swift */,
				D62BA780210CAE6800CF9ED2 /* AddMovieViewController.swift */,
				D62BA782210CAE8D00CF9ED2 /* ListsTableViewController.swift */,
				D62BA784210CAE9C00CF9ED2 /* MoviesTableViewController.swift */,
				D62BA786210CAEA800CF9ED2 /* MovieTableViewCell.swift */,
			);
			path = "View Controllers";
			sourceTree = "<group>";
		};
		D62BA78A210CAFD700CF9ED2 /* Add New */ = {
			isa = PBXGroup;
			children = (
				D62BA78C210CB03A00CF9ED2 /* AddNavi.storyboard */,
				D62BA775210C9EBB00CF9ED2 /* AddList.storyboard */,
				D62BA788210CAFCE00CF9ED2 /* AddMovie.storyboard */,
			);
			path = "Add New";
			sourceTree = "<group>";
		};
		D62BA78B210CAFF300CF9ED2 /* Movie Lists */ = {
			isa = PBXGroup;
			children = (
				D62BA777210C9EFC00CF9ED2 /* MovieLists.storyboard */,
				D62BA779210CA31500CF9ED2 /* Movies.storyboard */,
			);
			path = "Movie Lists";
			sourceTree = "<group>";
		};
		D62BA790210DF86000CF9ED2 /* Models */ = {
			isa = PBXGroup;
			children = (
				D62BA78E210DF85B00CF9ED2 /* Movie.swift */,
				D62BA791210DF87900CF9ED2 /* MovieList.swift */,
			);
			path = Models;
			sourceTree = "<group>";
		};
		D62BA797210DF89100CF9ED2 /* Model Controllers */ = {
			isa = PBXGroup;
			children = (
				D62BA793210DF88100CF9ED2 /* MovieController.swift */,
				D62BA795210DF88A00CF9ED2 /* MovieListController.swift */,
			);
			path = "Model Controllers";
			sourceTree = "<group>";
		};
		D62BA79A210E01C300CF9ED2 /* Protocols */ = {
			isa = PBXGroup;
			children = (
				D62BA798210E01BF00CF9ED2 /* MovieListControllerProtocol.swift */,
			);
			path = Protocols;
			sourceTree = "<group>";
		};
		D68E9C59210C9B580078D318 = {
			isa = PBXGroup;
			children = (
				D68E9C64210C9B580078D318 /* Movie Lists */,
				D68E9C63210C9B580078D318 /* Products */,
			);
			sourceTree = "<group>";
		};
		D68E9C63210C9B580078D318 /* Products */ = {
			isa = PBXGroup;
			children = (
				D68E9C62210C9B580078D318 /* Movie Lists.app */,
			);
			name = Products;
			sourceTree = "<group>";
		};
		D68E9C64210C9B580078D318 /* Movie Lists */ = {
			isa = PBXGroup;
			children = (
				D62BA790210DF86000CF9ED2 /* Models */,
				D62BA797210DF89100CF9ED2 /* Model Controllers */,
				D62BA79A210E01C300CF9ED2 /* Protocols */,
				D62BA77D210CA5BC00CF9ED2 /* View Controllers */,
				D62BA774210C9E8A00CF9ED2 /* Storyboards */,
				D68E9C6C210C9B590078D318 /* Assets.xcassets */,
				D68E9C65210C9B580078D318 /* AppDelegate.swift */,
				D68E9C6E210C9B590078D318 /* LaunchScreen.storyboard */,
				D68E9C71210C9B590078D318 /* Info.plist */,
			);
			path = "Movie Lists";
			sourceTree = "<group>";
		};
/* End PBXGroup section */

/* Begin PBXNativeTarget section */
		D68E9C61210C9B580078D318 /* Movie Lists */ = {
			isa = PBXNativeTarget;
			buildConfigurationList = D68E9C74210C9B590078D318 /* Build configuration list for PBXNativeTarget "Movie Lists" */;
			buildPhases = (
				D68E9C5E210C9B580078D318 /* Sources */,
				D68E9C5F210C9B580078D318 /* Frameworks */,
				D68E9C60210C9B580078D318 /* Resources */,
			);
			buildRules = (
			);
			dependencies = (
			);
			name = "Movie Lists";
			productName = "Movie Lists";
			productReference = D68E9C62210C9B580078D318 /* Movie Lists.app */;
			productType = "com.apple.product-type.application";
		};
/* End PBXNativeTarget section */

/* Begin PBXProject section */
		D68E9C5A210C9B580078D318 /* Project object */ = {
			isa = PBXProject;
			attributes = {
				LastSwiftUpdateCheck = 0940;
				LastUpgradeCheck = 0940;
				ORGANIZATIONNAME = "Samantha Gatt";
				TargetAttributes = {
					D68E9C61210C9B580078D318 = {
						CreatedOnToolsVersion = 9.4.1;
					};
				};
			};
			buildConfigurationList = D68E9C5D210C9B580078D318 /* Build configuration list for PBXProject "Movie Lists" */;
			compatibilityVersion = "Xcode 9.3";
			developmentRegion = en;
			hasScannedForEncodings = 0;
			knownRegions = (
				en,
				Base,
			);
			mainGroup = D68E9C59210C9B580078D318;
			productRefGroup = D68E9C63210C9B580078D318 /* Products */;
			projectDirPath = "";
			projectRoot = "";
			targets = (
				D68E9C61210C9B580078D318 /* Movie Lists */,
			);
		};
/* End PBXProject section */

/* Begin PBXResourcesBuildPhase section */
		D68E9C60210C9B580078D318 /* Resources */ = {
			isa = PBXResourcesBuildPhase;
			buildActionMask = 2147483647;
			files = (
				D62BA78D210CB03A00CF9ED2 /* AddNavi.storyboard in Resources */,
				D62BA778210C9EFC00CF9ED2 /* MovieLists.storyboard in Resources */,
				D62BA77A210CA31500CF9ED2 /* Movies.storyboard in Resources */,
				D68E9C70210C9B590078D318 /* LaunchScreen.storyboard in Resources */,
				D68E9C6D210C9B590078D318 /* Assets.xcassets in Resources */,
				D62BA789210CAFCE00CF9ED2 /* AddMovie.storyboard in Resources */,
				D68E9C6B210C9B580078D318 /* MovieListsTabBar.storyboard in Resources */,
				D62BA776210C9EBB00CF9ED2 /* AddList.storyboard in Resources */,
			);
			runOnlyForDeploymentPostprocessing = 0;
		};
/* End PBXResourcesBuildPhase section */

/* Begin PBXSourcesBuildPhase section */
		D68E9C5E210C9B580078D318 /* Sources */ = {
			isa = PBXSourcesBuildPhase;
			buildActionMask = 2147483647;
			files = (
				D62BA792210DF87900CF9ED2 /* MovieList.swift in Sources */,
				D62BA785210CAE9C00CF9ED2 /* MoviesTableViewController.swift in Sources */,
				D62BA77F210CAE6000CF9ED2 /* AddListViewController.swift in Sources */,
				D62BA787210CAEA800CF9ED2 /* MovieTableViewCell.swift in Sources */,
				D62BA783210CAE8D00CF9ED2 /* ListsTableViewController.swift in Sources */,
				D62BA796210DF88A00CF9ED2 /* MovieListController.swift in Sources */,
				D62BA799210E01BF00CF9ED2 /* MovieListControllerProtocol.swift in Sources */,
				D68E9C66210C9B580078D318 /* AppDelegate.swift in Sources */,
				D62BA794210DF88100CF9ED2 /* MovieController.swift in Sources */,
				D62BA77C210CA5A800CF9ED2 /* MovieListsTabBarViewController.swift in Sources */,
				D62BA78F210DF85B00CF9ED2 /* Movie.swift in Sources */,
				D62BA781210CAE6800CF9ED2 /* AddMovieViewController.swift in Sources */,
			);
			runOnlyForDeploymentPostprocessing = 0;
		};
/* End PBXSourcesBuildPhase section */

/* Begin PBXVariantGroup section */
		D68E9C69210C9B580078D318 /* MovieListsTabBar.storyboard */ = {
			isa = PBXVariantGroup;
			children = (
				D68E9C6A210C9B580078D318 /* Base */,
			);
			name = MovieListsTabBar.storyboard;
			sourceTree = "<group>";
		};
		D68E9C6E210C9B590078D318 /* LaunchScreen.storyboard */ = {
			isa = PBXVariantGroup;
			children = (
				D68E9C6F210C9B590078D318 /* Base */,
			);
			name = LaunchScreen.storyboard;
			sourceTree = "<group>";
		};
/* End PBXVariantGroup section */

/* Begin XCBuildConfiguration section */
		D68E9C72210C9B590078D318 /* Debug */ = {
			isa = XCBuildConfiguration;
			buildSettings = {
				ALWAYS_SEARCH_USER_PATHS = NO;
				CLANG_ANALYZER_NONNULL = YES;
				CLANG_ANALYZER_NUMBER_OBJECT_CONVERSION = YES_AGGRESSIVE;
				CLANG_CXX_LANGUAGE_STANDARD = "gnu++14";
				CLANG_CXX_LIBRARY = "libc++";
				CLANG_ENABLE_MODULES = YES;
				CLANG_ENABLE_OBJC_ARC = YES;
				CLANG_ENABLE_OBJC_WEAK = YES;
				CLANG_WARN_BLOCK_CAPTURE_AUTORELEASING = YES;
				CLANG_WARN_BOOL_CONVERSION = YES;
				CLANG_WARN_COMMA = YES;
				CLANG_WARN_CONSTANT_CONVERSION = YES;
				CLANG_WARN_DEPRECATED_OBJC_IMPLEMENTATIONS = YES;
				CLANG_WARN_DIRECT_OBJC_ISA_USAGE = YES_ERROR;
				CLANG_WARN_DOCUMENTATION_COMMENTS = YES;
				CLANG_WARN_EMPTY_BODY = YES;
				CLANG_WARN_ENUM_CONVERSION = YES;
				CLANG_WARN_INFINITE_RECURSION = YES;
				CLANG_WARN_INT_CONVERSION = YES;
				CLANG_WARN_NON_LITERAL_NULL_CONVERSION = YES;
				CLANG_WARN_OBJC_IMPLICIT_RETAIN_SELF = YES;
				CLANG_WARN_OBJC_LITERAL_CONVERSION = YES;
				CLANG_WARN_OBJC_ROOT_CLASS = YES_ERROR;
				CLANG_WARN_RANGE_LOOP_ANALYSIS = YES;
				CLANG_WARN_STRICT_PROTOTYPES = YES;
				CLANG_WARN_SUSPICIOUS_MOVE = YES;
				CLANG_WARN_UNGUARDED_AVAILABILITY = YES_AGGRESSIVE;
				CLANG_WARN_UNREACHABLE_CODE = YES;
				CLANG_WARN__DUPLICATE_METHOD_MATCH = YES;
				CODE_SIGN_IDENTITY = "iPhone Developer";
				COPY_PHASE_STRIP = NO;
				DEBUG_INFORMATION_FORMAT = dwarf;
				ENABLE_STRICT_OBJC_MSGSEND = YES;
				ENABLE_TESTABILITY = YES;
				GCC_C_LANGUAGE_STANDARD = gnu11;
				GCC_DYNAMIC_NO_PIC = NO;
				GCC_NO_COMMON_BLOCKS = YES;
				GCC_OPTIMIZATION_LEVEL = 0;
				GCC_PREPROCESSOR_DEFINITIONS = (
					"DEBUG=1",
					"$(inherited)",
				);
				GCC_WARN_64_TO_32_BIT_CONVERSION = YES;
				GCC_WARN_ABOUT_RETURN_TYPE = YES_ERROR;
				GCC_WARN_UNDECLARED_SELECTOR = YES;
				GCC_WARN_UNINITIALIZED_AUTOS = YES_AGGRESSIVE;
				GCC_WARN_UNUSED_FUNCTION = YES;
				GCC_WARN_UNUSED_VARIABLE = YES;
				IPHONEOS_DEPLOYMENT_TARGET = 11.4;
				MTL_ENABLE_DEBUG_INFO = YES;
				ONLY_ACTIVE_ARCH = YES;
				SDKROOT = iphoneos;
				SWIFT_ACTIVE_COMPILATION_CONDITIONS = DEBUG;
				SWIFT_OPTIMIZATION_LEVEL = "-Onone";
			};
			name = Debug;
		};
		D68E9C73210C9B590078D318 /* Release */ = {
			isa = XCBuildConfiguration;
			buildSettings = {
				ALWAYS_SEARCH_USER_PATHS = NO;
				CLANG_ANALYZER_NONNULL = YES;
				CLANG_ANALYZER_NUMBER_OBJECT_CONVERSION = YES_AGGRESSIVE;
				CLANG_CXX_LANGUAGE_STANDARD = "gnu++14";
				CLANG_CXX_LIBRARY = "libc++";
				CLANG_ENABLE_MODULES = YES;
				CLANG_ENABLE_OBJC_ARC = YES;
				CLANG_ENABLE_OBJC_WEAK = YES;
				CLANG_WARN_BLOCK_CAPTURE_AUTORELEASING = YES;
				CLANG_WARN_BOOL_CONVERSION = YES;
				CLANG_WARN_COMMA = YES;
				CLANG_WARN_CONSTANT_CONVERSION = YES;
				CLANG_WARN_DEPRECATED_OBJC_IMPLEMENTATIONS = YES;
				CLANG_WARN_DIRECT_OBJC_ISA_USAGE = YES_ERROR;
				CLANG_WARN_DOCUMENTATION_COMMENTS = YES;
				CLANG_WARN_EMPTY_BODY = YES;
				CLANG_WARN_ENUM_CONVERSION = YES;
				CLANG_WARN_INFINITE_RECURSION = YES;
				CLANG_WARN_INT_CONVERSION = YES;
				CLANG_WARN_NON_LITERAL_NULL_CONVERSION = YES;
				CLANG_WARN_OBJC_IMPLICIT_RETAIN_SELF = YES;
				CLANG_WARN_OBJC_LITERAL_CONVERSION = YES;
				CLANG_WARN_OBJC_ROOT_CLASS = YES_ERROR;
				CLANG_WARN_RANGE_LOOP_ANALYSIS = YES;
				CLANG_WARN_STRICT_PROTOTYPES = YES;
				CLANG_WARN_SUSPICIOUS_MOVE = YES;
				CLANG_WARN_UNGUARDED_AVAILABILITY = YES_AGGRESSIVE;
				CLANG_WARN_UNREACHABLE_CODE = YES;
				CLANG_WARN__DUPLICATE_METHOD_MATCH = YES;
				CODE_SIGN_IDENTITY = "iPhone Developer";
				COPY_PHASE_STRIP = NO;
				DEBUG_INFORMATION_FORMAT = "dwarf-with-dsym";
				ENABLE_NS_ASSERTIONS = NO;
				ENABLE_STRICT_OBJC_MSGSEND = YES;
				GCC_C_LANGUAGE_STANDARD = gnu11;
				GCC_NO_COMMON_BLOCKS = YES;
				GCC_WARN_64_TO_32_BIT_CONVERSION = YES;
				GCC_WARN_ABOUT_RETURN_TYPE = YES_ERROR;
				GCC_WARN_UNDECLARED_SELECTOR = YES;
				GCC_WARN_UNINITIALIZED_AUTOS = YES_AGGRESSIVE;
				GCC_WARN_UNUSED_FUNCTION = YES;
				GCC_WARN_UNUSED_VARIABLE = YES;
				IPHONEOS_DEPLOYMENT_TARGET = 11.4;
				MTL_ENABLE_DEBUG_INFO = NO;
				SDKROOT = iphoneos;
				SWIFT_COMPILATION_MODE = wholemodule;
				SWIFT_OPTIMIZATION_LEVEL = "-O";
				VALIDATE_PRODUCT = YES;
			};
			name = Release;
		};
		D68E9C75210C9B590078D318 /* Debug */ = {
			isa = XCBuildConfiguration;
			buildSettings = {
				ASSETCATALOG_COMPILER_APPICON_NAME = AppIcon;
				CODE_SIGN_STYLE = Automatic;
				DEVELOPMENT_TEAM = 84AK8SAYG2;
				INFOPLIST_FILE = "Movie Lists/Info.plist";
				LD_RUNPATH_SEARCH_PATHS = (
					"$(inherited)",
					"@executable_path/Frameworks",
				);
				PRODUCT_BUNDLE_IDENTIFIER = "com.SamanthaGatt.Movie-Lists";
				PRODUCT_NAME = "$(TARGET_NAME)";
				SWIFT_VERSION = 4.0;
				TARGETED_DEVICE_FAMILY = "1,2";
			};
			name = Debug;
		};
		D68E9C76210C9B590078D318 /* Release */ = {
			isa = XCBuildConfiguration;
			buildSettings = {
				ASSETCATALOG_COMPILER_APPICON_NAME = AppIcon;
				CODE_SIGN_STYLE = Automatic;
				DEVELOPMENT_TEAM = 84AK8SAYG2;
				INFOPLIST_FILE = "Movie Lists/Info.plist";
				LD_RUNPATH_SEARCH_PATHS = (
					"$(inherited)",
					"@executable_path/Frameworks",
				);
				PRODUCT_BUNDLE_IDENTIFIER = "com.SamanthaGatt.Movie-Lists";
				PRODUCT_NAME = "$(TARGET_NAME)";
				SWIFT_VERSION = 4.0;
				TARGETED_DEVICE_FAMILY = "1,2";
			};
			name = Release;
		};
/* End XCBuildConfiguration section */

/* Begin XCConfigurationList section */
		D68E9C5D210C9B580078D318 /* Build configuration list for PBXProject "Movie Lists" */ = {
			isa = XCConfigurationList;
			buildConfigurations = (
				D68E9C72210C9B590078D318 /* Debug */,
				D68E9C73210C9B590078D318 /* Release */,
			);
			defaultConfigurationIsVisible = 0;
			defaultConfigurationName = Release;
		};
		D68E9C74210C9B590078D318 /* Build configuration list for PBXNativeTarget "Movie Lists" */ = {
			isa = XCConfigurationList;
			buildConfigurations = (
				D68E9C75210C9B590078D318 /* Debug */,
				D68E9C76210C9B590078D318 /* Release */,
			);
			defaultConfigurationIsVisible = 0;
			defaultConfigurationName = Release;
		};
/* End XCConfigurationList section */
	};
	rootObject = D68E9C5A210C9B580078D318 /* Project object */;
}
